
Microsoft Visual Studio Solution File, Format Version 12.00
# Visual Studio 15
Project("{FAE04EC0-301F-11D3-BF4B-00C04F79EFBC}") = "UniHumanoid", "UniHumanoid.csproj", "{6163D184-2855-35A4-55EF-36D7C4000F8E}"
EndProject
Project("{FAE04EC0-301F-11D3-BF4B-00C04F79EFBC}") = "SpringBoneJobs", "SpringBoneJobs.csproj", "{0E67DC1D-2B8D-C9F6-27EA-DBAF029FF1F7}"
EndProject
Project("{FAE04EC0-301F-11D3-BF4B-00C04F79EFBC}") = "UniGLTF.Editor", "UniGLTF.Editor.csproj", "{13830E16-9EA0-42D2-F6BA-9D55116C7E99}"
EndProject
Project("{FAE04EC0-301F-11D3-BF4B-00C04F79EFBC}") = "UniGLTF", "UniGLTF.csproj", "{65F15F4B-2F38-E4EA-00F6-0563000A961A}"
EndProject
Project("{FAE04EC0-301F-11D3-BF4B-00C04F79EFBC}") = "VRM", "VRM.csproj", "{7594EE22-03F1-D510-C107-C17241BF0986}"
EndProject
Project("{FAE04EC0-301F-11D3-BF4B-00C04F79EFBC}") = "UniGLTF.Tests", "UniGLTF.Tests.csproj", "{845B91FF-1781-F857-29E1-C8813FD8D75B}"
EndProject
Project("{FAE04EC0-301F-11D3-BF4B-00C04F79EFBC}") = "MToon", "MToon.csproj", "{BB37FD9B-C50A-C2A3-5FBA-CA97F860C2A0}"
EndProject
Project("{FAE04EC0-301F-11D3-BF4B-00C04F79EFBC}") = "UniVRM.Editor", "UniVRM.Editor.csproj", "{8E81A917-EC2D-29D1-29E8-C0B1FC56167F}"
EndProject
Project("{FAE04EC0-301F-11D3-BF4B-00C04F79EFBC}") = "VRM.Tests", "VRM.Tests.csproj", "{80ED94AE-57AF-5A12-8426-0E2485973407}"
EndProject
Project("{FAE04EC0-301F-11D3-BF4B-00C04F79EFBC}") = "MToon.Editor", "MToon.Editor.csproj", "{44954D61-1522-24F4-25B3-721D4606C968}"
EndProject
Project("{FAE04EC0-301F-11D3-BF4B-00C04F79EFBC}") = "UniHumanoid.Editor", "UniHumanoid.Editor.csproj", "{07B1E044-42FF-C6AE-6B2C-A961FD28D85A}"
EndProject
Project("{FAE04EC0-301F-11D3-BF4B-00C04F79EFBC}") = "VRM.Samples.Editor.Tests", "VRM.Samples.Editor.Tests.csproj", "{A4F26B6B-AE61-E21D-3780-FC58F9B1E9CF}"
EndProject
Project("{FAE04EC0-301F-11D3-BF4B-00C04F79EFBC}") = "UniGLTF.UniUnlit", "UniGLTF.UniUnlit.csproj", "{2198764C-B307-B385-F4CD-44D6D15AC2F1}"
EndProject
Project("{FAE04EC0-301F-11D3-BF4B-00C04F79EFBC}") = "UniHumanoid.Editor.Tests", "UniHumanoid.Editor.Tests.csproj", "{EBDD10C2-0D24-E3BD-3364-690DA510549E}"
EndProject
Project("{FAE04EC0-301F-11D3-BF4B-00C04F79EFBC}") = "UniGLTF.UniUnlit.Editor", "UniGLTF.UniUnlit.Editor.csproj", "{B19A85E7-85A6-3240-7547-D54A5D655077}"
EndProject
Project("{FAE04EC0-301F-11D3-BF4B-00C04F79EFBC}") = "UniGLTF.Utils", "UniGLTF.Utils.csproj", "{A693B520-C056-DECA-1B99-03296B60F80F}"
EndProject
Global
	GlobalSection(SolutionConfigurationPlatforms) = preSolution
		Debug|Any CPU = Debug|Any CPU
		Release|Any CPU = Release|Any CPU
	EndGlobalSection
	GlobalSection(ProjectConfigurationPlatforms) = postSolution
		{6163D184-2855-35A4-55EF-36D7C4000F8E}.Debug|Any CPU.ActiveCfg = Debug|Any CPU
		{6163D184-2855-35A4-55EF-36D7C4000F8E}.Debug|Any CPU.Build.0 = Debug|Any CPU
		{6163D184-2855-35A4-55EF-36D7C4000F8E}.Release|Any CPU.ActiveCfg = Release|Any CPU
		{6163D184-2855-35A4-55EF-36D7C4000F8E}.Release|Any CPU.Build.0 = Release|Any CPU
		{0E67DC1D-2B8D-C9F6-27EA-DBAF029FF1F7}.Debug|Any CPU.ActiveCfg = Debug|Any CPU
		{0E67DC1D-2B8D-C9F6-27EA-DBAF029FF1F7}.Debug|Any CPU.Build.0 = Debug|Any CPU
		{0E67DC1D-2B8D-C9F6-27EA-DBAF029FF1F7}.Release|Any CPU.ActiveCfg = Release|Any CPU
		{0E67DC1D-2B8D-C9F6-27EA-DBAF029FF1F7}.Release|Any CPU.Build.0 = Release|Any CPU
		{13830E16-9EA0-42D2-F6BA-9D55116C7E99}.Debug|Any CPU.ActiveCfg = Debug|Any CPU
		{13830E16-9EA0-42D2-F6BA-9D55116C7E99}.Debug|Any CPU.Build.0 = Debug|Any CPU
		{13830E16-9EA0-42D2-F6BA-9D55116C7E99}.Release|Any CPU.ActiveCfg = Release|Any CPU
		{13830E16-9EA0-42D2-F6BA-9D55116C7E99}.Release|Any CPU.Build.0 = Release|Any CPU
		{65F15F4B-2F38-E4EA-00F6-0563000A961A}.Debug|Any CPU.ActiveCfg = Debug|Any CPU
		{65F15F4B-2F38-E4EA-00F6-0563000A961A}.Debug|Any CPU.Build.0 = Debug|Any CPU
		{65F15F4B-2F38-E4EA-00F6-0563000A961A}.Release|Any CPU.ActiveCfg = Release|Any CPU
		{65F15F4B-2F38-E4EA-00F6-0563000A961A}.Release|Any CPU.Build.0 = Release|Any CPU
		{7594EE22-03F1-D510-C107-C17241BF0986}.Debug|Any CPU.ActiveCfg = Debug|Any CPU
		{7594EE22-03F1-D510-C107-C17241BF0986}.Debug|Any CPU.Build.0 = Debug|Any CPU
		{7594EE22-03F1-D510-C107-C17241BF0986}.Release|Any CPU.ActiveCfg = Release|Any CPU
		{7594EE22-03F1-D510-C107-C17241BF0986}.Release|Any CPU.Build.0 = Release|Any CPU
		{845B91FF-1781-F857-29E1-C8813FD8D75B}.Debug|Any CPU.ActiveCfg = Debug|Any CPU
		{845B91FF-1781-F857-29E1-C8813FD8D75B}.Debug|Any CPU.Build.0 = Debug|Any CPU
		{845B91FF-1781-F857-29E1-C8813FD8D75B}.Release|Any CPU.ActiveCfg = Release|Any CPU
		{845B91FF-1781-F857-29E1-C8813FD8D75B}.Release|Any CPU.Build.0 = Release|Any CPU
		{BB37FD9B-C50A-C2A3-5FBA-CA97F860C2A0}.Debug|Any CPU.ActiveCfg = Debug|Any CPU
		{BB37FD9B-C50A-C2A3-5FBA-CA97F860C2A0}.Debug|Any CPU.Build.0 = Debug|Any CPU
		{BB37FD9B-C50A-C2A3-5FBA-CA97F860C2A0}.Release|Any CPU.ActiveCfg = Release|Any CPU
		{BB37FD9B-C50A-C2A3-5FBA-CA97F860C2A0}.Release|Any CPU.Build.0 = Release|Any CPU
		{8E81A917-EC2D-29D1-29E8-C0B1FC56167F}.Debug|Any CPU.ActiveCfg = Debug|Any CPU
		{8E81A917-EC2D-29D1-29E8-C0B1FC56167F}.Debug|Any CPU.Build.0 = Debug|Any CPU
		{8E81A917-EC2D-29D1-29E8-C0B1FC56167F}.Release|Any CPU.ActiveCfg = Release|Any CPU
		{8E81A917-EC2D-29D1-29E8-C0B1FC56167F}.Release|Any CPU.Build.0 = Release|Any CPU
		{80ED94AE-57AF-5A12-8426-0E2485973407}.Debug|Any CPU.ActiveCfg = Debug|Any CPU
		{80ED94AE-57AF-5A12-8426-0E2485973407}.Debug|Any CPU.Build.0 = Debug|Any CPU
		{80ED94AE-57AF-5A12-8426-0E2485973407}.Release|Any CPU.ActiveCfg = Release|Any CPU
		{80ED94AE-57AF-5A12-8426-0E2485973407}.Release|Any CPU.Build.0 = Release|Any CPU
		{44954D61-1522-24F4-25B3-721D4606C968}.Debug|Any CPU.ActiveCfg = Debug|Any CPU
		{44954D61-1522-24F4-25B3-721D4606C968}.Debug|Any CPU.Build.0 = Debug|Any CPU
		{44954D61-1522-24F4-25B3-721D4606C968}.Release|Any CPU.ActiveCfg = Release|Any CPU
		{44954D61-1522-24F4-25B3-721D4606C968}.Release|Any CPU.Build.0 = Release|Any CPU
		{07B1E044-42FF-C6AE-6B2C-A961FD28D85A}.Debug|Any CPU.ActiveCfg = Debug|Any CPU
		{07B1E044-42FF-C6AE-6B2C-A961FD28D85A}.Debug|Any CPU.Build.0 = Debug|Any CPU
		{07B1E044-42FF-C6AE-6B2C-A961FD28D85A}.Release|Any CPU.ActiveCfg = Release|Any CPU
		{07B1E044-42FF-C6AE-6B2C-A961FD28D85A}.Release|Any CPU.Build.0 = Release|Any CPU
		{A4F26B6B-AE61-E21D-3780-FC58F9B1E9CF}.Debug|Any CPU.ActiveCfg = Debug|Any CPU
		{A4F26B6B-AE61-E21D-3780-FC58F9B1E9CF}.Debug|Any CPU.Build.0 = Debug|Any CPU
		{A4F26B6B-AE61-E21D-3780-FC58F9B1E9CF}.Release|Any CPU.ActiveCfg = Release|Any CPU
		{A4F26B6B-AE61-E21D-3780-FC58F9B1E9CF}.Release|Any CPU.Build.0 = Release|Any CPU
		{2198764C-B307-B385-F4CD-44D6D15AC2F1}.Debug|Any CPU.ActiveCfg = Debug|Any CPU
		{2198764C-B307-B385-F4CD-44D6D15AC2F1}.Debug|Any CPU.Build.0 = Debug|Any CPU
		{2198764C-B307-B385-F4CD-44D6D15AC2F1}.Release|Any CPU.ActiveCfg = Release|Any CPU
		{2198764C-B307-B385-F4CD-44D6D15AC2F1}.Release|Any CPU.Build.0 = Release|Any CPU
		{EBDD10C2-0D24-E3BD-3364-690DA510549E}.Debug|Any CPU.ActiveCfg = Debug|Any CPU
		{EBDD10C2-0D24-E3BD-3364-690DA510549E}.Debug|Any CPU.Build.0 = Debug|Any CPU
		{EBDD10C2-0D24-E3BD-3364-690DA510549E}.Release|Any CPU.ActiveCfg = Release|Any CPU
		{EBDD10C2-0D24-E3BD-3364-690DA510549E}.Release|Any CPU.Build.0 = Release|Any CPU
		{B19A85E7-85A6-3240-7547-D54A5D655077}.Debug|Any CPU.ActiveCfg = Debug|Any CPU
		{B19A85E7-85A6-3240-7547-D54A5D655077}.Debug|Any CPU.Build.0 = Debug|Any CPU
		{B19A85E7-85A6-3240-7547-D54A5D655077}.Release|Any CPU.ActiveCfg = Release|Any CPU
		{B19A85E7-85A6-3240-7547-D54A5D655077}.Release|Any CPU.Build.0 = Release|Any CPU
		{A693B520-C056-DECA-1B99-03296B60F80F}.Debug|Any CPU.ActiveCfg = Debug|Any CPU
		{A693B520-C056-DECA-1B99-03296B60F80F}.Debug|Any CPU.Build.0 = Debug|Any CPU
		{A693B520-C056-DECA-1B99-03296B60F80F}.Release|Any CPU.ActiveCfg = Release|Any CPU
		{A693B520-C056-DECA-1B99-03296B60F80F}.Release|Any CPU.Build.0 = Release|Any CPU
	EndGlobalSection
	GlobalSection(SolutionProperties) = preSolution
		HideSolutionNode = FALSE
	EndGlobalSection
EndGlobal
